// !$*UTF8*$!
{
	archiveVersion = 1;
	classes = {
	};
	objectVersion = 55;
	objects = {

/* Begin PBXBuildFile section */
		00A450925B2EA45461C4DD1A /* Pods_reeltik.framework in Frameworks */ = {isa = PBXBuildFile; fileRef = BC1AB25C8B7A56819CF3702B /* Pods_reeltik.framework */; };
		95F673232850BA9900E40D33 /* AppDelegate.swift in Sources */ = {isa = PBXBuildFile; fileRef = 95F673222850BA9900E40D33 /* AppDelegate.swift */; };
		95F673252850BA9900E40D33 /* SceneDelegate.swift in Sources */ = {isa = PBXBuildFile; fileRef = 95F673242850BA9900E40D33 /* SceneDelegate.swift */; };
		95F673272850BA9900E40D33 /* HomeViewController.swift in Sources */ = {isa = PBXBuildFile; fileRef = 95F673262850BA9900E40D33 /* HomeViewController.swift */; };
		95F6732C2850BA9A00E40D33 /* Assets.xcassets in Resources */ = {isa = PBXBuildFile; fileRef = 95F6732B2850BA9A00E40D33 /* Assets.xcassets */; };
		95F6732F2850BA9A00E40D33 /* LaunchScreen.storyboard in Resources */ = {isa = PBXBuildFile; fileRef = 95F6732D2850BA9A00E40D33 /* LaunchScreen.storyboard */; };
		95F6733F2850C08D00E40D33 /* ExploreViewController.swift in Sources */ = {isa = PBXBuildFile; fileRef = 95F6733E2850C08D00E40D33 /* ExploreViewController.swift */; };
		95F673422850C09D00E40D33 /* CameraViewController.swift in Sources */ = {isa = PBXBuildFile; fileRef = 95F673412850C09D00E40D33 /* CameraViewController.swift */; };
		95F673442850C0AF00E40D33 /* NotificationsViewController.swift in Sources */ = {isa = PBXBuildFile; fileRef = 95F673432850C0AF00E40D33 /* NotificationsViewController.swift */; };
		95F673462850C0E500E40D33 /* ProfileViewController.swift in Sources */ = {isa = PBXBuildFile; fileRef = 95F673452850C0E500E40D33 /* ProfileViewController.swift */; };
		95F673482850CEC800E40D33 /* SignUpViewController.swift in Sources */ = {isa = PBXBuildFile; fileRef = 95F673472850CEC800E40D33 /* SignUpViewController.swift */; };
		95F6734A2850CEEB00E40D33 /* SignInViewController.swift in Sources */ = {isa = PBXBuildFile; fileRef = 95F673492850CEEB00E40D33 /* SignInViewController.swift */; };
		95F6734C2850CF2700E40D33 /* UserListViewController.swift in Sources */ = {isa = PBXBuildFile; fileRef = 95F6734B2850CF2700E40D33 /* UserListViewController.swift */; };
		95F6734E2850CF3B00E40D33 /* SettingsViewController.swift in Sources */ = {isa = PBXBuildFile; fileRef = 95F6734D2850CF3B00E40D33 /* SettingsViewController.swift */; };
		95F673542850CF9900E40D33 /* PostViewController.swift in Sources */ = {isa = PBXBuildFile; fileRef = 95F673532850CF9900E40D33 /* PostViewController.swift */; };
		95F673562850CFAE00E40D33 /* APICaller.swift in Sources */ = {isa = PBXBuildFile; fileRef = 95F673552850CFAE00E40D33 /* APICaller.swift */; };
		95F673582850CFBE00E40D33 /* StorageManager.swift in Sources */ = {isa = PBXBuildFile; fileRef = 95F673572850CFBE00E40D33 /* StorageManager.swift */; };
		95F6735A2850CFD100E40D33 /* DBManager.swift in Sources */ = {isa = PBXBuildFile; fileRef = 95F673592850CFD100E40D33 /* DBManager.swift */; };
		95F6735C2850CFDA00E40D33 /* AuthManager.swift in Sources */ = {isa = PBXBuildFile; fileRef = 95F6735B2850CFDA00E40D33 /* AuthManager.swift */; };
		95F6735E2850CFF600E40D33 /* HapticsManager.swift in Sources */ = {isa = PBXBuildFile; fileRef = 95F6735D2850CFF600E40D33 /* HapticsManager.swift */; };
		95F673602850D90500E40D33 /* GoogleService-Info.plist in Resources */ = {isa = PBXBuildFile; fileRef = 95F6735F2850D90500E40D33 /* GoogleService-Info.plist */; };
		95F6736328527DBB00E40D33 /* TabBarViewController.swift in Sources */ = {isa = PBXBuildFile; fileRef = 95F6736228527DBB00E40D33 /* TabBarViewController.swift */; };
/* End PBXBuildFile section */

/* Begin PBXFileReference section */
		0CC28ED9A50D77902BAD8D25 /* Pods-reeltik.debug.xcconfig */ = {isa = PBXFileReference; includeInIndex = 1; lastKnownFileType = text.xcconfig; name = "Pods-reeltik.debug.xcconfig"; path = "Target Support Files/Pods-reeltik/Pods-reeltik.debug.xcconfig"; sourceTree = "<group>"; };
		95F6731F2850BA9900E40D33 /* reeltik.app */ = {isa = PBXFileReference; explicitFileType = wrapper.application; includeInIndex = 0; path = reeltik.app; sourceTree = BUILT_PRODUCTS_DIR; };
		95F673222850BA9900E40D33 /* AppDelegate.swift */ = {isa = PBXFileReference; lastKnownFileType = sourcecode.swift; path = AppDelegate.swift; sourceTree = "<group>"; };
		95F673242850BA9900E40D33 /* SceneDelegate.swift */ = {isa = PBXFileReference; lastKnownFileType = sourcecode.swift; path = SceneDelegate.swift; sourceTree = "<group>"; };
		95F673262850BA9900E40D33 /* HomeViewController.swift */ = {isa = PBXFileReference; lastKnownFileType = sourcecode.swift; path = HomeViewController.swift; sourceTree = "<group>"; };
		95F6732B2850BA9A00E40D33 /* Assets.xcassets */ = {isa = PBXFileReference; lastKnownFileType = folder.assetcatalog; path = Assets.xcassets; sourceTree = "<group>"; };
		95F6732E2850BA9A00E40D33 /* Base */ = {isa = PBXFileReference; lastKnownFileType = file.storyboard; name = Base; path = Base.lproj/LaunchScreen.storyboard; sourceTree = "<group>"; };
		95F673302850BA9A00E40D33 /* Info.plist */ = {isa = PBXFileReference; lastKnownFileType = text.plist.xml; path = Info.plist; sourceTree = "<group>"; };
		95F6733E2850C08D00E40D33 /* ExploreViewController.swift */ = {isa = PBXFileReference; lastKnownFileType = sourcecode.swift; path = ExploreViewController.swift; sourceTree = "<group>"; };
		95F673412850C09D00E40D33 /* CameraViewController.swift */ = {isa = PBXFileReference; lastKnownFileType = sourcecode.swift; path = CameraViewController.swift; sourceTree = "<group>"; };
		95F673432850C0AF00E40D33 /* NotificationsViewController.swift */ = {isa = PBXFileReference; lastKnownFileType = sourcecode.swift; path = NotificationsViewController.swift; sourceTree = "<group>"; };
		95F673452850C0E500E40D33 /* ProfileViewController.swift */ = {isa = PBXFileReference; lastKnownFileType = sourcecode.swift; path = ProfileViewController.swift; sourceTree = "<group>"; };
		95F673472850CEC800E40D33 /* SignUpViewController.swift */ = {isa = PBXFileReference; lastKnownFileType = sourcecode.swift; path = SignUpViewController.swift; sourceTree = "<group>"; };
		95F673492850CEEB00E40D33 /* SignInViewController.swift */ = {isa = PBXFileReference; lastKnownFileType = sourcecode.swift; path = SignInViewController.swift; sourceTree = "<group>"; };
		95F6734B2850CF2700E40D33 /* UserListViewController.swift */ = {isa = PBXFileReference; lastKnownFileType = sourcecode.swift; path = UserListViewController.swift; sourceTree = "<group>"; };
		95F6734D2850CF3B00E40D33 /* SettingsViewController.swift */ = {isa = PBXFileReference; lastKnownFileType = sourcecode.swift; path = SettingsViewController.swift; sourceTree = "<group>"; };
		95F673532850CF9900E40D33 /* PostViewController.swift */ = {isa = PBXFileReference; lastKnownFileType = sourcecode.swift; path = PostViewController.swift; sourceTree = "<group>"; };
		95F673552850CFAE00E40D33 /* APICaller.swift */ = {isa = PBXFileReference; lastKnownFileType = sourcecode.swift; path = APICaller.swift; sourceTree = "<group>"; };
		95F673572850CFBE00E40D33 /* StorageManager.swift */ = {isa = PBXFileReference; lastKnownFileType = sourcecode.swift; path = StorageManager.swift; sourceTree = "<group>"; };
		95F673592850CFD100E40D33 /* DBManager.swift */ = {isa = PBXFileReference; lastKnownFileType = sourcecode.swift; path = DBManager.swift; sourceTree = "<group>"; };
		95F6735B2850CFDA00E40D33 /* AuthManager.swift */ = {isa = PBXFileReference; lastKnownFileType = sourcecode.swift; path = AuthManager.swift; sourceTree = "<group>"; };
		95F6735D2850CFF600E40D33 /* HapticsManager.swift */ = {isa = PBXFileReference; lastKnownFileType = sourcecode.swift; path = HapticsManager.swift; sourceTree = "<group>"; };
		95F6735F2850D90500E40D33 /* GoogleService-Info.plist */ = {isa = PBXFileReference; fileEncoding = 4; lastKnownFileType = text.plist.xml; path = "GoogleService-Info.plist"; sourceTree = "<group>"; };
		95F6736228527DBB00E40D33 /* TabBarViewController.swift */ = {isa = PBXFileReference; lastKnownFileType = sourcecode.swift; path = TabBarViewController.swift; sourceTree = "<group>"; };
		BC1AB25C8B7A56819CF3702B /* Pods_reeltik.framework */ = {isa = PBXFileReference; explicitFileType = wrapper.framework; includeInIndex = 0; path = Pods_reeltik.framework; sourceTree = BUILT_PRODUCTS_DIR; };
		D70C7ED90FBEE1D36AFB38C3 /* Pods-reeltik.release.xcconfig */ = {isa = PBXFileReference; includeInIndex = 1; lastKnownFileType = text.xcconfig; name = "Pods-reeltik.release.xcconfig"; path = "Target Support Files/Pods-reeltik/Pods-reeltik.release.xcconfig"; sourceTree = "<group>"; };
/* End PBXFileReference section */

/* Begin PBXFrameworksBuildPhase section */
		95F6731C2850BA9900E40D33 /* Frameworks */ = {
			isa = PBXFrameworksBuildPhase;
			buildActionMask = 2147483647;
			files = (
				00A450925B2EA45461C4DD1A /* Pods_reeltik.framework in Frameworks */,
			);
			runOnlyForDeploymentPostprocessing = 0;
		};
/* End PBXFrameworksBuildPhase section */

/* Begin PBXGroup section */
		95F673162850BA9900E40D33 = {
			isa = PBXGroup;
			children = (
				95F673212850BA9900E40D33 /* reeltik */,
				95F673202850BA9900E40D33 /* Products */,
				C4A0C0C52503DF3CB5EC9A82 /* Pods */,
				CA75E9D3007F4B7B9E4885EA /* Frameworks */,
			);
			sourceTree = "<group>";
		};
		95F673202850BA9900E40D33 /* Products */ = {
			isa = PBXGroup;
			children = (
				95F6731F2850BA9900E40D33 /* reeltik.app */,
			);
			name = Products;
			sourceTree = "<group>";
		};
		95F673212850BA9900E40D33 /* reeltik */ = {
			isa = PBXGroup;
			children = (
				95F6733B2850BFC100E40D33 /* Views */,
				95F6733A2850BFA000E40D33 /* Managers */,
				95F673392850BF9B00E40D33 /* Models */,
				95F673382850BF9100E40D33 /* ViewModels */,
				95F673372850BF8600E40D33 /* Controllers */,
				95F673362850BF7D00E40D33 /* Resources */,
				95F673302850BA9A00E40D33 /* Info.plist */,
			);
			path = reeltik;
			sourceTree = "<group>";
		};
		95F673362850BF7D00E40D33 /* Resources */ = {
			isa = PBXGroup;
			children = (
				95F6735F2850D90500E40D33 /* GoogleService-Info.plist */,
				95F6732B2850BA9A00E40D33 /* Assets.xcassets */,
				95F673222850BA9900E40D33 /* AppDelegate.swift */,
				95F673242850BA9900E40D33 /* SceneDelegate.swift */,
			);
			path = Resources;
			sourceTree = "<group>";
		};
		95F673372850BF8600E40D33 /* Controllers */ = {
			isa = PBXGroup;
			children = (
				95F6733D2850C05C00E40D33 /* Main */,
				95F6733C2850C05900E40D33 /* Core */,
			);
			path = Controllers;
			sourceTree = "<group>";
		};
		95F673382850BF9100E40D33 /* ViewModels */ = {
			isa = PBXGroup;
			children = (
			);
			path = ViewModels;
			sourceTree = "<group>";
		};
		95F673392850BF9B00E40D33 /* Models */ = {
			isa = PBXGroup;
			children = (
			);
			path = Models;
			sourceTree = "<group>";
		};
		95F6733A2850BFA000E40D33 /* Managers */ = {
			isa = PBXGroup;
			children = (
				95F673552850CFAE00E40D33 /* APICaller.swift */,
				95F673572850CFBE00E40D33 /* StorageManager.swift */,
				95F673592850CFD100E40D33 /* DBManager.swift */,
				95F6735B2850CFDA00E40D33 /* AuthManager.swift */,
				95F6735D2850CFF600E40D33 /* HapticsManager.swift */,
			);
			path = Managers;
			sourceTree = "<group>";
		};
		95F6733B2850BFC100E40D33 /* Views */ = {
			isa = PBXGroup;
			children = (
				95F673522850CF7D00E40D33 /* Others */,
				95F673512850CF5E00E40D33 /* Storyboards */,
			);
			path = Views;
			sourceTree = "<group>";
		};
		95F6733C2850C05900E40D33 /* Core */ = {
			isa = PBXGroup;
			children = (
				95F6733E2850C08D00E40D33 /* ExploreViewController.swift */,
				95F673412850C09D00E40D33 /* CameraViewController.swift */,
				95F673262850BA9900E40D33 /* HomeViewController.swift */,
				95F673432850C0AF00E40D33 /* NotificationsViewController.swift */,
				95F673452850C0E500E40D33 /* ProfileViewController.swift */,
				95F6736228527DBB00E40D33 /* TabBarViewController.swift */,
			);
			path = Core;
			sourceTree = "<group>";
		};
		95F6733D2850C05C00E40D33 /* Main */ = {
			isa = PBXGroup;
			children = (
				95F673472850CEC800E40D33 /* SignUpViewController.swift */,
				95F673492850CEEB00E40D33 /* SignInViewController.swift */,
				95F6734B2850CF2700E40D33 /* UserListViewController.swift */,
				95F6734D2850CF3B00E40D33 /* SettingsViewController.swift */,
				95F673532850CF9900E40D33 /* PostViewController.swift */,
			);
			path = Main;
			sourceTree = "<group>";
		};
		95F673512850CF5E00E40D33 /* Storyboards */ = {
			isa = PBXGroup;
			children = (
				95F6732D2850BA9A00E40D33 /* LaunchScreen.storyboard */,
			);
			path = Storyboards;
			sourceTree = "<group>";
		};
		95F673522850CF7D00E40D33 /* Others */ = {
			isa = PBXGroup;
			children = (
			);
			path = Others;
			sourceTree = "<group>";
		};
		C4A0C0C52503DF3CB5EC9A82 /* Pods */ = {
			isa = PBXGroup;
			children = (
				0CC28ED9A50D77902BAD8D25 /* Pods-reeltik.debug.xcconfig */,
				D70C7ED90FBEE1D36AFB38C3 /* Pods-reeltik.release.xcconfig */,
			);
			path = Pods;
			sourceTree = "<group>";
		};
		CA75E9D3007F4B7B9E4885EA /* Frameworks */ = {
			isa = PBXGroup;
			children = (
				BC1AB25C8B7A56819CF3702B /* Pods_reeltik.framework */,
			);
			name = Frameworks;
			sourceTree = "<group>";
		};
/* End PBXGroup section */

/* Begin PBXNativeTarget section */
		95F6731E2850BA9900E40D33 /* reeltik */ = {
			isa = PBXNativeTarget;
			buildConfigurationList = 95F673332850BA9A00E40D33 /* Build configuration list for PBXNativeTarget "reeltik" */;
			buildPhases = (
				88A48F406E7C4BA6A3762D4B /* [CP] Check Pods Manifest.lock */,
				95F6731B2850BA9900E40D33 /* Sources */,
				95F6731C2850BA9900E40D33 /* Frameworks */,
				95F6731D2850BA9900E40D33 /* Resources */,
				3CFDDC4306E75920E418C453 /* [CP] Embed Pods Frameworks */,
				95F673612850DC3A00E40D33 /* ShellScript */,
			);
			buildRules = (
			);
			dependencies = (
			);
			name = reeltik;
			productName = reeltik;
			productReference = 95F6731F2850BA9900E40D33 /* reeltik.app */;
			productType = "com.apple.product-type.application";
		};
/* End PBXNativeTarget section */

/* Begin PBXProject section */
		95F673172850BA9900E40D33 /* Project object */ = {
			isa = PBXProject;
			attributes = {
				BuildIndependentTargetsInParallel = 1;
				LastSwiftUpdateCheck = 1330;
				LastUpgradeCheck = 1330;
				TargetAttributes = {
					95F6731E2850BA9900E40D33 = {
						CreatedOnToolsVersion = 13.3.1;
					};
				};
			};
			buildConfigurationList = 95F6731A2850BA9900E40D33 /* Build configuration list for PBXProject "reeltik" */;
			compatibilityVersion = "Xcode 13.0";
			developmentRegion = en;
			hasScannedForEncodings = 0;
			knownRegions = (
				en,
				Base,
			);
			mainGroup = 95F673162850BA9900E40D33;
			productRefGroup = 95F673202850BA9900E40D33 /* Products */;
			projectDirPath = "";
			projectRoot = "";
			targets = (
				95F6731E2850BA9900E40D33 /* reeltik */,
			);
		};
/* End PBXProject section */

/* Begin PBXResourcesBuildPhase section */
		95F6731D2850BA9900E40D33 /* Resources */ = {
			isa = PBXResourcesBuildPhase;
			buildActionMask = 2147483647;
			files = (
				95F6732F2850BA9A00E40D33 /* LaunchScreen.storyboard in Resources */,
				95F6732C2850BA9A00E40D33 /* Assets.xcassets in Resources */,
				95F673602850D90500E40D33 /* GoogleService-Info.plist in Resources */,
			);
			runOnlyForDeploymentPostprocessing = 0;
		};
/* End PBXResourcesBuildPhase section */

/* Begin PBXShellScriptBuildPhase section */
		3CFDDC4306E75920E418C453 /* [CP] Embed Pods Frameworks */ = {
			isa = PBXShellScriptBuildPhase;
			buildActionMask = 2147483647;
			files = (
			);
			inputFileListPaths = (
				"${PODS_ROOT}/Target Support Files/Pods-reeltik/Pods-reeltik-frameworks-${CONFIGURATION}-input-files.xcfilelist",
			);
			name = "[CP] Embed Pods Frameworks";
			outputFileListPaths = (
				"${PODS_ROOT}/Target Support Files/Pods-reeltik/Pods-reeltik-frameworks-${CONFIGURATION}-output-files.xcfilelist",
			);
			runOnlyForDeploymentPostprocessing = 0;
			shellPath = /bin/sh;
			shellScript = "\"${PODS_ROOT}/Target Support Files/Pods-reeltik/Pods-reeltik-frameworks.sh\"\n";
			showEnvVarsInLog = 0;
		};
		88A48F406E7C4BA6A3762D4B /* [CP] Check Pods Manifest.lock */ = {
			isa = PBXShellScriptBuildPhase;
			buildActionMask = 2147483647;
			files = (
			);
			inputFileListPaths = (
			);
			inputPaths = (
				"${PODS_PODFILE_DIR_PATH}/Podfile.lock",
				"${PODS_ROOT}/Manifest.lock",
			);
			name = "[CP] Check Pods Manifest.lock";
			outputFileListPaths = (
			);
			outputPaths = (
				"$(DERIVED_FILE_DIR)/Pods-reeltik-checkManifestLockResult.txt",
			);
			runOnlyForDeploymentPostprocessing = 0;
			shellPath = /bin/sh;
			shellScript = "diff \"${PODS_PODFILE_DIR_PATH}/Podfile.lock\" \"${PODS_ROOT}/Manifest.lock\" > /dev/null\nif [ $? != 0 ] ; then\n    # print error to STDERR\n    echo \"error: The sandbox is not in sync with the Podfile.lock. Run 'pod install' or update your CocoaPods installation.\" >&2\n    exit 1\nfi\n# This output is used by Xcode 'outputs' to avoid re-running this script phase.\necho \"SUCCESS\" > \"${SCRIPT_OUTPUT_FILE_0}\"\n";
			showEnvVarsInLog = 0;
		};
		95F673612850DC3A00E40D33 /* ShellScript */ = {
			isa = PBXShellScriptBuildPhase;
			buildActionMask = 2147483647;
			files = (
			);
			inputFileListPaths = (
			);
			inputPaths = (
			);
			outputFileListPaths = (
			);
			outputPaths = (
			);
			runOnlyForDeploymentPostprocessing = 0;
			shellPath = /bin/sh;
			shellScript = "\"${PODS_ROOT}/FirebaseCrashlytics/run\"\n";
		};
/* End PBXShellScriptBuildPhase section */

/* Begin PBXSourcesBuildPhase section */
		95F6731B2850BA9900E40D33 /* Sources */ = {
			isa = PBXSourcesBuildPhase;
			buildActionMask = 2147483647;
			files = (
				95F6735E2850CFF600E40D33 /* HapticsManager.swift in Sources */,
				95F6733F2850C08D00E40D33 /* ExploreViewController.swift in Sources */,
				95F673422850C09D00E40D33 /* CameraViewController.swift in Sources */,
				95F6734E2850CF3B00E40D33 /* SettingsViewController.swift in Sources */,
				95F6736328527DBB00E40D33 /* TabBarViewController.swift in Sources */,
				95F673562850CFAE00E40D33 /* APICaller.swift in Sources */,
				95F673542850CF9900E40D33 /* PostViewController.swift in Sources */,
				95F673482850CEC800E40D33 /* SignUpViewController.swift in Sources */,
				95F673272850BA9900E40D33 /* HomeViewController.swift in Sources */,
				95F6735C2850CFDA00E40D33 /* AuthManager.swift in Sources */,
				95F673442850C0AF00E40D33 /* NotificationsViewController.swift in Sources */,
				95F6734C2850CF2700E40D33 /* UserListViewController.swift in Sources */,
				95F6734A2850CEEB00E40D33 /* SignInViewController.swift in Sources */,
				95F6735A2850CFD100E40D33 /* DBManager.swift in Sources */,
				95F673462850C0E500E40D33 /* ProfileViewController.swift in Sources */,
				95F673582850CFBE00E40D33 /* StorageManager.swift in Sources */,
				95F673232850BA9900E40D33 /* AppDelegate.swift in Sources */,
				95F673252850BA9900E40D33 /* SceneDelegate.swift in Sources */,
			);
			runOnlyForDeploymentPostprocessing = 0;
		};
/* End PBXSourcesBuildPhase section */

/* Begin PBXVariantGroup section */
		95F6732D2850BA9A00E40D33 /* LaunchScreen.storyboard */ = {
			isa = PBXVariantGroup;
			children = (
				95F6732E2850BA9A00E40D33 /* Base */,
			);
			name = LaunchScreen.storyboard;
			sourceTree = "<group>";
		};
/* End PBXVariantGroup section */

/* Begin XCBuildConfiguration section */
		95F673312850BA9A00E40D33 /* Debug */ = {
			isa = XCBuildConfiguration;
			buildSettings = {
				ALWAYS_SEARCH_USER_PATHS = NO;
				CLANG_ANALYZER_NONNULL = YES;
				CLANG_ANALYZER_NUMBER_OBJECT_CONVERSION = YES_AGGRESSIVE;
				CLANG_CXX_LANGUAGE_STANDARD = "gnu++17";
				CLANG_ENABLE_MODULES = YES;
				CLANG_ENABLE_OBJC_ARC = YES;
				CLANG_ENABLE_OBJC_WEAK = YES;
				CLANG_WARN_BLOCK_CAPTURE_AUTORELEASING = YES;
				CLANG_WARN_BOOL_CONVERSION = YES;
				CLANG_WARN_COMMA = YES;
				CLANG_WARN_CONSTANT_CONVERSION = YES;
				CLANG_WARN_DEPRECATED_OBJC_IMPLEMENTATIONS = YES;
				CLANG_WARN_DIRECT_OBJC_ISA_USAGE = YES_ERROR;
				CLANG_WARN_DOCUMENTATION_COMMENTS = YES;
				CLANG_WARN_EMPTY_BODY = YES;
				CLANG_WARN_ENUM_CONVERSION = YES;
				CLANG_WARN_INFINITE_RECURSION = YES;
				CLANG_WARN_INT_CONVERSION = YES;
				CLANG_WARN_NON_LITERAL_NULL_CONVERSION = YES;
				CLANG_WARN_OBJC_IMPLICIT_RETAIN_SELF = YES;
				CLANG_WARN_OBJC_LITERAL_CONVERSION = YES;
				CLANG_WARN_OBJC_ROOT_CLASS = YES_ERROR;
				CLANG_WARN_QUOTED_INCLUDE_IN_FRAMEWORK_HEADER = YES;
				CLANG_WARN_RANGE_LOOP_ANALYSIS = YES;
				CLANG_WARN_STRICT_PROTOTYPES = YES;
				CLANG_WARN_SUSPICIOUS_MOVE = YES;
				CLANG_WARN_UNGUARDED_AVAILABILITY = YES_AGGRESSIVE;
				CLANG_WARN_UNREACHABLE_CODE = YES;
				CLANG_WARN__DUPLICATE_METHOD_MATCH = YES;
				COPY_PHASE_STRIP = NO;
				DEBUG_INFORMATION_FORMAT = "dwarf-with-dsym";
				ENABLE_STRICT_OBJC_MSGSEND = YES;
				ENABLE_TESTABILITY = YES;
				GCC_C_LANGUAGE_STANDARD = gnu11;
				GCC_DYNAMIC_NO_PIC = NO;
				GCC_NO_COMMON_BLOCKS = YES;
				GCC_OPTIMIZATION_LEVEL = 0;
				GCC_PREPROCESSOR_DEFINITIONS = (
					"DEBUG=1",
					"$(inherited)",
				);
				GCC_WARN_64_TO_32_BIT_CONVERSION = YES;
				GCC_WARN_ABOUT_RETURN_TYPE = YES_ERROR;
				GCC_WARN_UNDECLARED_SELECTOR = YES;
				GCC_WARN_UNINITIALIZED_AUTOS = YES_AGGRESSIVE;
				GCC_WARN_UNUSED_FUNCTION = YES;
				GCC_WARN_UNUSED_VARIABLE = YES;
				IPHONEOS_DEPLOYMENT_TARGET = 15.4;
				MTL_ENABLE_DEBUG_INFO = INCLUDE_SOURCE;
				MTL_FAST_MATH = YES;
				ONLY_ACTIVE_ARCH = YES;
				SDKROOT = iphoneos;
				SWIFT_ACTIVE_COMPILATION_CONDITIONS = DEBUG;
				SWIFT_OPTIMIZATION_LEVEL = "-Onone";
			};
			name = Debug;
		};
		95F673322850BA9A00E40D33 /* Release */ = {
			isa = XCBuildConfiguration;
			buildSettings = {
				ALWAYS_SEARCH_USER_PATHS = NO;
				CLANG_ANALYZER_NONNULL = YES;
				CLANG_ANALYZER_NUMBER_OBJECT_CONVERSION = YES_AGGRESSIVE;
				CLANG_CXX_LANGUAGE_STANDARD = "gnu++17";
				CLANG_ENABLE_MODULES = YES;
				CLANG_ENABLE_OBJC_ARC = YES;
				CLANG_ENABLE_OBJC_WEAK = YES;
				CLANG_WARN_BLOCK_CAPTURE_AUTORELEASING = YES;
				CLANG_WARN_BOOL_CONVERSION = YES;
				CLANG_WARN_COMMA = YES;
				CLANG_WARN_CONSTANT_CONVERSION = YES;
				CLANG_WARN_DEPRECATED_OBJC_IMPLEMENTATIONS = YES;
				CLANG_WARN_DIRECT_OBJC_ISA_USAGE = YES_ERROR;
				CLANG_WARN_DOCUMENTATION_COMMENTS = YES;
				CLANG_WARN_EMPTY_BODY = YES;
				CLANG_WARN_ENUM_CONVERSION = YES;
				CLANG_WARN_INFINITE_RECURSION = YES;
				CLANG_WARN_INT_CONVERSION = YES;
				CLANG_WARN_NON_LITERAL_NULL_CONVERSION = YES;
				CLANG_WARN_OBJC_IMPLICIT_RETAIN_SELF = YES;
				CLANG_WARN_OBJC_LITERAL_CONVERSION = YES;
				CLANG_WARN_OBJC_ROOT_CLASS = YES_ERROR;
				CLANG_WARN_QUOTED_INCLUDE_IN_FRAMEWORK_HEADER = YES;
				CLANG_WARN_RANGE_LOOP_ANALYSIS = YES;
				CLANG_WARN_STRICT_PROTOTYPES = YES;
				CLANG_WARN_SUSPICIOUS_MOVE = YES;
				CLANG_WARN_UNGUARDED_AVAILABILITY = YES_AGGRESSIVE;
				CLANG_WARN_UNREACHABLE_CODE = YES;
				CLANG_WARN__DUPLICATE_METHOD_MATCH = YES;
				COPY_PHASE_STRIP = NO;
				DEBUG_INFORMATION_FORMAT = "dwarf-with-dsym";
				ENABLE_NS_ASSERTIONS = NO;
				ENABLE_STRICT_OBJC_MSGSEND = YES;
				GCC_C_LANGUAGE_STANDARD = gnu11;
				GCC_NO_COMMON_BLOCKS = YES;
				GCC_WARN_64_TO_32_BIT_CONVERSION = YES;
				GCC_WARN_ABOUT_RETURN_TYPE = YES_ERROR;
				GCC_WARN_UNDECLARED_SELECTOR = YES;
				GCC_WARN_UNINITIALIZED_AUTOS = YES_AGGRESSIVE;
				GCC_WARN_UNUSED_FUNCTION = YES;
				GCC_WARN_UNUSED_VARIABLE = YES;
				IPHONEOS_DEPLOYMENT_TARGET = 15.4;
				MTL_ENABLE_DEBUG_INFO = NO;
				MTL_FAST_MATH = YES;
				SDKROOT = iphoneos;
				SWIFT_COMPILATION_MODE = wholemodule;
				SWIFT_OPTIMIZATION_LEVEL = "-O";
				VALIDATE_PRODUCT = YES;
			};
			name = Release;
		};
		95F673342850BA9A00E40D33 /* Debug */ = {
			isa = XCBuildConfiguration;
			baseConfigurationReference = 0CC28ED9A50D77902BAD8D25 /* Pods-reeltik.debug.xcconfig */;
			buildSettings = {
				ASSETCATALOG_COMPILER_APPICON_NAME = AppIcon;
				ASSETCATALOG_COMPILER_GLOBAL_ACCENT_COLOR_NAME = AccentColor;
				CODE_SIGN_STYLE = Automatic;
				CURRENT_PROJECT_VERSION = 1;
				DEVELOPMENT_TEAM = D2G7297JH8;
				GENERATE_INFOPLIST_FILE = YES;
				INFOPLIST_FILE = reeltik/Info.plist;
				INFOPLIST_KEY_CFBundleDisplayName = REELTIK;
				INFOPLIST_KEY_UIApplicationSupportsIndirectInputEvents = YES;
				INFOPLIST_KEY_UILaunchStoryboardName = LaunchScreen;
				INFOPLIST_KEY_UISupportedInterfaceOrientations = UIInterfaceOrientationPortrait;
				INFOPLIST_KEY_UISupportedInterfaceOrientations_iPad = "UIInterfaceOrientationPortrait UIInterfaceOrientationPortraitUpsideDown UIInterfaceOrientationLandscapeLeft UIInterfaceOrientationLandscapeRight";
				INFOPLIST_KEY_UISupportedInterfaceOrientations_iPhone = "UIInterfaceOrientationPortrait UIInterfaceOrientationLandscapeLeft UIInterfaceOrientationLandscapeRight";
				LD_RUNPATH_SEARCH_PATHS = (
					"$(inherited)",
					"@executable_path/Frameworks",
				);
				MARKETING_VERSION = 1.0;
				PRODUCT_BUNDLE_IDENTIFIER = GaranaApps.reeltik;
				PRODUCT_NAME = "$(TARGET_NAME)";
				SWIFT_EMIT_LOC_STRINGS = YES;
				SWIFT_VERSION = 5.0;
				TARGETED_DEVICE_FAMILY = 1;
			};
			name = Debug;
		};
		95F673352850BA9A00E40D33 /* Release */ = {
			isa = XCBuildConfiguration;
			baseConfigurationReference = D70C7ED90FBEE1D36AFB38C3 /* Pods-reeltik.release.xcconfig */;
			buildSettings = {
				ASSETCATALOG_COMPILER_APPICON_NAME = AppIcon;
				ASSETCATALOG_COMPILER_GLOBAL_ACCENT_COLOR_NAME = AccentColor;
				CODE_SIGN_STYLE = Automatic;
				CURRENT_PROJECT_VERSION = 1;
				DEVELOPMENT_TEAM = D2G7297JH8;
				GENERATE_INFOPLIST_FILE = YES;
				INFOPLIST_FILE = reeltik/Info.plist;
				INFOPLIST_KEY_CFBundleDisplayName = REELTIK;
				INFOPLIST_KEY_UIApplicationSupportsIndirectInputEvents = YES;
				INFOPLIST_KEY_UILaunchStoryboardName = LaunchScreen;
				INFOPLIST_KEY_UISupportedInterfaceOrientations = UIInterfaceOrientationPortrait;
				INFOPLIST_KEY_UISupportedInterfaceOrientations_iPad = "UIInterfaceOrientationPortrait UIInterfaceOrientationPortraitUpsideDown UIInterfaceOrientationLandscapeLeft UIInterfaceOrientationLandscapeRight";
				INFOPLIST_KEY_UISupportedInterfaceOrientations_iPhone = "UIInterfaceOrientationPortrait UIInterfaceOrientationLandscapeLeft UIInterfaceOrientationLandscapeRight";
				LD_RUNPATH_SEARCH_PATHS = (
					"$(inherited)",
					"@executable_path/Frameworks",
				);
				MARKETING_VERSION = 1.0;
				PRODUCT_BUNDLE_IDENTIFIER = GaranaApps.reeltik;
				PRODUCT_NAME = "$(TARGET_NAME)";
				SWIFT_EMIT_LOC_STRINGS = YES;
				SWIFT_VERSION = 5.0;
				TARGETED_DEVICE_FAMILY = 1;
			};
			name = Release;
		};
/* End XCBuildConfiguration section */

/* Begin XCConfigurationList section */
		95F6731A2850BA9900E40D33 /* Build configuration list for PBXProject "reeltik" */ = {
			isa = XCConfigurationList;
			buildConfigurations = (
				95F673312850BA9A00E40D33 /* Debug */,
				95F673322850BA9A00E40D33 /* Release */,
			);
			defaultConfigurationIsVisible = 0;
			defaultConfigurationName = Release;
		};
		95F673332850BA9A00E40D33 /* Build configuration list for PBXNativeTarget "reeltik" */ = {
			isa = XCConfigurationList;
			buildConfigurations = (
				95F673342850BA9A00E40D33 /* Debug */,
				95F673352850BA9A00E40D33 /* Release */,
			);
			defaultConfigurationIsVisible = 0;
			defaultConfigurationName = Release;
		};
/* End XCConfigurationList section */
	};
	rootObject = 95F673172850BA9900E40D33 /* Project object */;
}
